# THIS IS AN AUTOGENERATED FILE. DO NOT EDIT THIS FILE DIRECTLY.
# yarn lockfile v1


axios@^0.21.1:
  version "0.21.1"
  resolved "https://registry.yarnpkg.com/axios/-/axios-0.21.1.tgz#22563481962f4d6bde9a76d516ef0e5d3c09b2b8"
  integrity sha512-dKQiRHxGD9PPRIUNIWvZhPTPpl1rf/OxTYKsqKUDjBwYylTvV7SjSHJb9ratfyzM6wCdLCOYLzs73qpg5c4iGA==
  dependencies:
    follow-redirects "^1.10.0"

follow-redirects@^1.10.0:
  version "1.14.1"
  resolved "https://registry.yarnpkg.com/follow-redirects/-/follow-redirects-1.14.1.tgz#d9114ded0a1cfdd334e164e6662ad02bfd91ff43"
  integrity sha512-HWqDgT7ZEkqRzBvc2s64vSZ/hfOceEol3ac/7tKwzuvEyWx3/4UegXh5oBOIotkGsObyk3xznnSRVADBgWSQVg==

luxon@^1.27.0:
  version "1.27.0"
  resolved "https://registry.yarnpkg.com/luxon/-/luxon-1.27.0.tgz#ae10c69113d85dab8f15f5e8390d0cbeddf4f00f"
  integrity sha512-VKsFsPggTA0DvnxtJdiExAucKdAnwbCCNlMM5ENvHlxubqWd0xhZcdb4XgZ7QFNhaRhilXCFxHuoObP5BNA4PA==

reflect-metadata@^0.1.13:
  version "0.1.13"
  resolved "https://registry.yarnpkg.com/reflect-metadata/-/reflect-metadata-0.1.13.tgz#67ae3ca57c972a2aa1642b10fe363fe32d49dc08"
  integrity sha512-Ts1Y/anZELhSsjMcU605fU9RE4Oi3p5ORujwbIKXfWa+0Zxs510Qrmrce5/Jowq3cHSZSJqBjypxmHarc+vEWg==

typescript-json-serializer@^3.3.0:
  version "3.3.0"
  resolved "https://registry.yarnpkg.com/typescript-json-serializer/-/typescript-json-serializer-3.3.0.tgz#9950398d79c0b4febbed2f0a7e141ff0f7af2f38"
  integrity sha512-jfg3+y7kCd7n3rNyBitQLb03a+Z6XQfPPQdLPkpuduV4mA3y0u4AQyizXVsxKvOf30VPhExTkjbZBTIP9Y+FaA==
  dependencies:
    reflect-metadata "^0.1.13"
